
Microsoft Visual Studio Solution File, Format Version 12.00
# Visual Studio Version 16
VisualStudioVersion = 16.0.33529.622
MinimumVisualStudioVersion = 10.0.40219.1
Project("{FAE04EC0-301F-11D3-BF4B-00C04F79EFBC}") = "ExampleWeatherApp", "ExampleWeatherApp\ExampleWeatherApp.csproj", "{DE229C43-4E5E-4B6E-BBEA-7EDC610790F5}"
EndProject
Global
	GlobalSection(SolutionConfigurationPlatforms) = preSolution
		Debug|Any CPU = Debug|Any CPU
		Release|Any CPU = Release|Any CPU
	EndGlobalSection
	GlobalSection(ProjectConfigurationPlatforms) = postSolution
		{DE229C43-4E5E-4B6E-BBEA-7EDC610790F5}.Debug|Any CPU.ActiveCfg = Debug|Any CPU
		{DE229C43-4E5E-4B6E-BBEA-7EDC610790F5}.Debug|Any CPU.Build.0 = Debug|Any CPU
		{DE229C43-4E5E-4B6E-BBEA-7EDC610790F5}.Release|Any CPU.ActiveCfg = Release|Any CPU
		{DE229C43-4E5E-4B6E-BBEA-7EDC610790F5}.Release|Any CPU.Build.0 = Release|Any CPU
	EndGlobalSection
	GlobalSection(SolutionProperties) = preSolution
		HideSolutionNode = FALSE
	EndGlobalSection
	GlobalSection(ExtensibilityGlobals) = postSolution
		SolutionGuid = {BB12BDCF-9136-4358-8093-DD1E307E372B}
	EndGlobalSection
EndGlobal
